
Microsoft Visual Studio Solution File, Format Version 12.00
# Visual Studio Version 16
VisualStudioVersion = 16.0.30523.141
MinimumVisualStudioVersion = 10.0.40219.1
Project("{FAE04EC0-301F-11D3-BF4B-00C04F79EFBC}") = "Console TIC-TAC-TOE", "Console TIC-TAC-TOE.csproj", "{261BA33E-B468-49E8-AE2C-22096CAFD964}"
EndProject
Global
	GlobalSection(SolutionConfigurationPlatforms) = preSolution
		Debug|Any CPU = Debug|Any CPU
		Release|Any CPU = Release|Any CPU
	EndGlobalSection
	GlobalSection(ProjectConfigurationPlatforms) = postSolution
		{261BA33E-B468-49E8-AE2C-22096CAFD964}.Debug|Any CPU.ActiveCfg = Debug|Any CPU
		{261BA33E-B468-49E8-AE2C-22096CAFD964}.Debug|Any CPU.Build.0 = Debug|Any CPU
		{261BA33E-B468-49E8-AE2C-22096CAFD964}.Release|Any CPU.ActiveCfg = Release|Any CPU
		{261BA33E-B468-49E8-AE2C-22096CAFD964}.Release|Any CPU.Build.0 = Release|Any CPU
	EndGlobalSection
	GlobalSection(SolutionProperties) = preSolution
		HideSolutionNode = FALSE
	EndGlobalSection
	GlobalSection(ExtensibilityGlobals) = postSolution
		SolutionGuid = {A9798D7B-A85C-4907-BF74-F1C024068FAA}
	EndGlobalSection
EndGlobal
